
Microsoft Visual Studio Solution File, Format Version 12.00
# Visual Studio Version 17
VisualStudioVersion = 17.0.31903.59
MinimumVisualStudioVersion = 10.0.40219.1
Project("{2150E333-8FDC-42A3-9474-1A3956D46DE8}") = "src", "src", "{852CF0C8-7E2C-45DC-A3DD-6600F5588459}"
EndProject
Project("{FAE04EC0-301F-11D3-BF4B-00C04F79EFBC}") = "RazorPagesTestSample", "src\RazorPagesTestSample\RazorPagesTestSample.csproj", "{9B23B002-B89C-42EC-BF1F-8ADE94EB5BE3}"
EndProject
Project("{2150E333-8FDC-42A3-9474-1A3956D46DE8}") = "tests", "tests", "{E9584613-00F9-4F9F-90DE-ADEC60B4C31E}"
EndProject
Project("{FAE04EC0-301F-11D3-BF4B-00C04F79EFBC}") = "RazorPagesTestSample.Tests", "tests\RazorPagesTestSample.Tests\RazorPagesTestSample.Tests.csproj", "{87A12FF6-4CD1-4A03-B436-1ED0425F8598}"
EndProject
Global
	GlobalSection(SolutionConfigurationPlatforms) = preSolution
		Debug|Any CPU = Debug|Any CPU
		Release|Any CPU = Release|Any CPU
	EndGlobalSection
	GlobalSection(SolutionProperties) = preSolution
		HideSolutionNode = FALSE
	EndGlobalSection
	GlobalSection(ProjectConfigurationPlatforms) = postSolution
		{9B23B002-B89C-42EC-BF1F-8ADE94EB5BE3}.Debug|Any CPU.ActiveCfg = Debug|Any CPU
		{9B23B002-B89C-42EC-BF1F-8ADE94EB5BE3}.Debug|Any CPU.Build.0 = Debug|Any CPU
		{9B23B002-B89C-42EC-BF1F-8ADE94EB5BE3}.Release|Any CPU.ActiveCfg = Release|Any CPU
		{9B23B002-B89C-42EC-BF1F-8ADE94EB5BE3}.Release|Any CPU.Build.0 = Release|Any CPU
		{87A12FF6-4CD1-4A03-B436-1ED0425F8598}.Debug|Any CPU.ActiveCfg = Debug|Any CPU
		{87A12FF6-4CD1-4A03-B436-1ED0425F8598}.Debug|Any CPU.Build.0 = Debug|Any CPU
		{87A12FF6-4CD1-4A03-B436-1ED0425F8598}.Release|Any CPU.ActiveCfg = Release|Any CPU
		{87A12FF6-4CD1-4A03-B436-1ED0425F8598}.Release|Any CPU.Build.0 = Release|Any CPU
	EndGlobalSection
	GlobalSection(NestedProjects) = preSolution
		{9B23B002-B89C-42EC-BF1F-8ADE94EB5BE3} = {852CF0C8-7E2C-45DC-A3DD-6600F5588459}
		{87A12FF6-4CD1-4A03-B436-1ED0425F8598} = {E9584613-00F9-4F9F-90DE-ADEC60B4C31E}
	EndGlobalSection
EndGlobal
